{
  "name": "@liquid-bricks/lib-component-builder",
  "version": "1.0.0",
  "lockfileVersion": 3,
  "requires": true,
  "packages": {
    "": {
      "name": "@liquid-bricks/lib-component-builder",
      "version": "1.0.0",
      "license": "ISC",
      "dependencies": {
        "@liquid-bricks/lib-diagnostics": "file:../lib-diagnostics"
      }
    },
    "../lib-diagnostics": {
      "name": "@liquid-bricks/lib-diagnostics",
      "version": "1.0.0",
      "license": "ISC"
    },
    "node_modules/@liquid-bricks/lib-diagnostics": {
      "resolved": "../lib-diagnostics",
      "link": true
    }
  }
}
