{
  "name": "@liquid-bricks/lib-component-builder",
  "version": "1.0.0",
  "lockfileVersion": 3,
  "requires": true,
  "packages": {
    "": {
      "name": "@liquid-bricks/lib-component-builder",
      "version": "1.0.0",
      "license": "ISC",
      "dependencies": {
        "@liquid-bricks/lib-diagnostics": "github:LiquidBricks/lib-diagnostics#c55d79973df6a7d7255a0cb521aa8a3dc5182199"
      }
    },
    "node_modules/@liquid-bricks/lib-diagnostics": {
      "version": "1.0.0",
      "resolved": "git+ssh://git@github.com/LiquidBricks/lib-diagnostics.git#c55d79973df6a7d7255a0cb521aa8a3dc5182199",
      "integrity": "sha512-8VP7qgoqXt6Cj0PkZ9KFos9VlalwWTPusgSboPE+6t8dmN2COOfOIzat133VJEwJ0z8iYk9inTykiQu2mbsUTg==",
      "license": "ISC"
    }
  }
}
