{
  "name": "@liquid-bricks/lib-component-builder",
  "version": "1.0.0",
  "lockfileVersion": 3,
  "requires": true,
  "packages": {
    "": {
      "name": "@liquid-bricks/lib-component-builder",
      "version": "1.0.0",
      "license": "ISC",
      "dependencies": {
        "@liquid-bricks/lib-diagnostics": "github:LiquidBricks/lib-diagnostics#7b27e34c65bcbfb75a3c16aaae7ace38bd5f2636"
      }
    },
    "node_modules/@liquid-bricks/lib-diagnostics": {
      "version": "1.0.0",
      "resolved": "git+ssh://git@github.com/LiquidBricks/lib-diagnostics.git#7b27e34c65bcbfb75a3c16aaae7ace38bd5f2636",
      "integrity": "sha512-7o3Z/aA8rX2sshe4doNk/MdxCb91zIV5LI3IpxxwxvXVwpqc4UQ/Piz6pozocDwO4ckPeTedwPRBtFCavrKMIw==",
      "license": "ISC"
    }
  }
}
